
Microsoft Visual Studio Solution File, Format Version 12.00
# Visual Studio Version 17
VisualStudioVersion = 17.4.33110.190
MinimumVisualStudioVersion = 10.0.40219.1
Project("{FAE04EC0-301F-11D3-BF4B-00C04F79EFBC}") = "MagicVilla_CouponAPI", "MagicVilla_CouponAPI\MagicVilla_CouponAPI.csproj", "{D8322429-AD33-4537-9391-3F2EF19B7B3E}"
EndProject
Global
	GlobalSection(SolutionConfigurationPlatforms) = preSolution
		Debug|Any CPU = Debug|Any CPU
		Release|Any CPU = Release|Any CPU
	EndGlobalSection
	GlobalSection(ProjectConfigurationPlatforms) = postSolution
		{D8322429-AD33-4537-9391-3F2EF19B7B3E}.Debug|Any CPU.ActiveCfg = Debug|Any CPU
		{D8322429-AD33-4537-9391-3F2EF19B7B3E}.Debug|Any CPU.Build.0 = Debug|Any CPU
		{D8322429-AD33-4537-9391-3F2EF19B7B3E}.Release|Any CPU.ActiveCfg = Release|Any CPU
		{D8322429-AD33-4537-9391-3F2EF19B7B3E}.Release|Any CPU.Build.0 = Release|Any CPU
	EndGlobalSection
	GlobalSection(SolutionProperties) = preSolution
		HideSolutionNode = FALSE
	EndGlobalSection
	GlobalSection(ExtensibilityGlobals) = postSolution
		SolutionGuid = {8E4BE5CD-214B-4B58-95A9-D7F50DB1ED55}
	EndGlobalSection
EndGlobal
